
Microsoft Visual Studio Solution File, Format Version 12.00
# Visual Studio Version 17
VisualStudioVersion = 17.14.36511.14 d17.14
MinimumVisualStudioVersion = 10.0.40219.1
Project("{FAE04EC0-301F-11D3-BF4B-00C04F79EFBC}") = "Backend", "Backend.csproj", "{F4E609FF-505D-4A75-AE46-204105689662}"
EndProject
Project("{FAE04EC0-301F-11D3-BF4B-00C04F79EFBC}") = "Migrations", "Migrations\Migrations.csproj", "{3DE632F5-5B46-40C4-A692-340698FC4CAA}"
EndProject
Global
	GlobalSection(SolutionConfigurationPlatforms) = preSolution
		Debug|Any CPU = Debug|Any CPU
		Release|Any CPU = Release|Any CPU
	EndGlobalSection
	GlobalSection(ProjectConfigurationPlatforms) = postSolution
		{F4E609FF-505D-4A75-AE46-204105689662}.Debug|Any CPU.ActiveCfg = Debug|Any CPU
		{F4E609FF-505D-4A75-AE46-204105689662}.Debug|Any CPU.Build.0 = Debug|Any CPU
		{F4E609FF-505D-4A75-AE46-204105689662}.Release|Any CPU.ActiveCfg = Release|Any CPU
		{F4E609FF-505D-4A75-AE46-204105689662}.Release|Any CPU.Build.0 = Release|Any CPU
		{3DE632F5-5B46-40C4-A692-340698FC4CAA}.Debug|Any CPU.ActiveCfg = Debug|Any CPU
		{3DE632F5-5B46-40C4-A692-340698FC4CAA}.Debug|Any CPU.Build.0 = Debug|Any CPU
		{3DE632F5-5B46-40C4-A692-340698FC4CAA}.Release|Any CPU.ActiveCfg = Release|Any CPU
		{3DE632F5-5B46-40C4-A692-340698FC4CAA}.Release|Any CPU.Build.0 = Release|Any CPU
	EndGlobalSection
	GlobalSection(SolutionProperties) = preSolution
		HideSolutionNode = FALSE
	EndGlobalSection
	GlobalSection(ExtensibilityGlobals) = postSolution
		SolutionGuid = {B0936D68-8950-4A49-8708-98B793E9E66C}
	EndGlobalSection
EndGlobal
